
Microsoft Visual Studio Solution File, Format Version 12.00
# Visual Studio Version 17
VisualStudioVersion = 17.7.34221.43
MinimumVisualStudioVersion = 10.0.40219.1
Project("{9A19103F-16F7-4668-BE54-9A1E7A4F7556}") = "account", "account\account.csproj", "{BD765E55-D8A2-4FDF-A223-B8036A378902}"
EndProject
Project("{9A19103F-16F7-4668-BE54-9A1E7A4F7556}") = "accountTests", "CompteTests\accountTests.csproj", "{93A0ABB1-C460-4A02-9937-919DA4092947}"
EndProject
Global
	GlobalSection(SolutionConfigurationPlatforms) = preSolution
		Debug|Any CPU = Debug|Any CPU
		Release|Any CPU = Release|Any CPU
	EndGlobalSection
	GlobalSection(ProjectConfigurationPlatforms) = postSolution
		{BD765E55-D8A2-4FDF-A223-B8036A378902}.Debug|Any CPU.ActiveCfg = Debug|Any CPU
		{BD765E55-D8A2-4FDF-A223-B8036A378902}.Debug|Any CPU.Build.0 = Debug|Any CPU
		{BD765E55-D8A2-4FDF-A223-B8036A378902}.Release|Any CPU.ActiveCfg = Release|Any CPU
		{BD765E55-D8A2-4FDF-A223-B8036A378902}.Release|Any CPU.Build.0 = Release|Any CPU
		{93A0ABB1-C460-4A02-9937-919DA4092947}.Debug|Any CPU.ActiveCfg = Debug|Any CPU
		{93A0ABB1-C460-4A02-9937-919DA4092947}.Debug|Any CPU.Build.0 = Debug|Any CPU
		{93A0ABB1-C460-4A02-9937-919DA4092947}.Release|Any CPU.ActiveCfg = Release|Any CPU
		{93A0ABB1-C460-4A02-9937-919DA4092947}.Release|Any CPU.Build.0 = Release|Any CPU
	EndGlobalSection
	GlobalSection(SolutionProperties) = preSolution
		HideSolutionNode = FALSE
	EndGlobalSection
	GlobalSection(ExtensibilityGlobals) = postSolution
		SolutionGuid = {08D3A689-5361-4AA7-A5E2-F8C823D39F02}
	EndGlobalSection
EndGlobal
