
Microsoft Visual Studio Solution File, Format Version 12.00
# Visual Studio Version 17
VisualStudioVersion = 17.7.34221.43
MinimumVisualStudioVersion = 10.0.40219.1
Project("{FAE04EC0-301F-11D3-BF4B-00C04F79EFBC}") = "ExerciceAPI", "ExerciceAPI\ExerciceAPI.csproj", "{0CAA72A5-EF49-43CB-B3EB-F9796EDE277C}"
EndProject
Global
	GlobalSection(SolutionConfigurationPlatforms) = preSolution
		Debug|Any CPU = Debug|Any CPU
		Release|Any CPU = Release|Any CPU
	EndGlobalSection
	GlobalSection(ProjectConfigurationPlatforms) = postSolution
		{0CAA72A5-EF49-43CB-B3EB-F9796EDE277C}.Debug|Any CPU.ActiveCfg = Debug|Any CPU
		{0CAA72A5-EF49-43CB-B3EB-F9796EDE277C}.Debug|Any CPU.Build.0 = Debug|Any CPU
		{0CAA72A5-EF49-43CB-B3EB-F9796EDE277C}.Release|Any CPU.ActiveCfg = Release|Any CPU
		{0CAA72A5-EF49-43CB-B3EB-F9796EDE277C}.Release|Any CPU.Build.0 = Release|Any CPU
	EndGlobalSection
	GlobalSection(SolutionProperties) = preSolution
		HideSolutionNode = FALSE
	EndGlobalSection
	GlobalSection(ExtensibilityGlobals) = postSolution
		SolutionGuid = {F513DBD2-11DD-4F81-B349-C539D519BAED}
	EndGlobalSection
EndGlobal
