
Microsoft Visual Studio Solution File, Format Version 12.00
# Visual Studio Version 17
VisualStudioVersion = 17.8.34316.72
MinimumVisualStudioVersion = 10.0.40219.1
Project("{FAE04EC0-301F-11D3-BF4B-00C04F79EFBC}") = "drone_api", "drone_api\drone_api.csproj", "{386068E9-F513-4F88-97B6-68F9ABB57612}"
EndProject
Global
	GlobalSection(SolutionConfigurationPlatforms) = preSolution
		Debug|Any CPU = Debug|Any CPU
		Release|Any CPU = Release|Any CPU
	EndGlobalSection
	GlobalSection(ProjectConfigurationPlatforms) = postSolution
		{386068E9-F513-4F88-97B6-68F9ABB57612}.Debug|Any CPU.ActiveCfg = Debug|Any CPU
		{386068E9-F513-4F88-97B6-68F9ABB57612}.Debug|Any CPU.Build.0 = Debug|Any CPU
		{386068E9-F513-4F88-97B6-68F9ABB57612}.Release|Any CPU.ActiveCfg = Release|Any CPU
		{386068E9-F513-4F88-97B6-68F9ABB57612}.Release|Any CPU.Build.0 = Release|Any CPU
	EndGlobalSection
	GlobalSection(SolutionProperties) = preSolution
		HideSolutionNode = FALSE
	EndGlobalSection
	GlobalSection(ExtensibilityGlobals) = postSolution
		SolutionGuid = {98A717E7-F85D-401B-99BE-9F87A18A13C0}
	EndGlobalSection
EndGlobal
