
Microsoft Visual Studio Solution File, Format Version 12.00
# Visual Studio Version 17
VisualStudioVersion = 17.7.34221.43
MinimumVisualStudioVersion = 10.0.40219.1
Project("{FAE04EC0-301F-11D3-BF4B-00C04F79EFBC}") = "EntityFrameWorkAfpa", "EntityFrameWorkAfpa\EntityFrameWorkAfpa.csproj", "{D432BE20-8520-4EA7-83B4-A89AD26200CF}"
EndProject
Global
	GlobalSection(SolutionConfigurationPlatforms) = preSolution
		Debug|Any CPU = Debug|Any CPU
		Release|Any CPU = Release|Any CPU
	EndGlobalSection
	GlobalSection(ProjectConfigurationPlatforms) = postSolution
		{D432BE20-8520-4EA7-83B4-A89AD26200CF}.Debug|Any CPU.ActiveCfg = Debug|Any CPU
		{D432BE20-8520-4EA7-83B4-A89AD26200CF}.Debug|Any CPU.Build.0 = Debug|Any CPU
		{D432BE20-8520-4EA7-83B4-A89AD26200CF}.Release|Any CPU.ActiveCfg = Release|Any CPU
		{D432BE20-8520-4EA7-83B4-A89AD26200CF}.Release|Any CPU.Build.0 = Release|Any CPU
	EndGlobalSection
	GlobalSection(SolutionProperties) = preSolution
		HideSolutionNode = FALSE
	EndGlobalSection
	GlobalSection(ExtensibilityGlobals) = postSolution
		SolutionGuid = {628E9DDA-4491-4020-BE12-DC522CA2275D}
	EndGlobalSection
EndGlobal
