
Microsoft Visual Studio Solution File, Format Version 12.00
# Visual Studio Version 17
VisualStudioVersion = 17.7.34221.43
MinimumVisualStudioVersion = 10.0.40219.1
Project("{FAE04EC0-301F-11D3-BF4B-00C04F79EFBC}") = "nppApplication", "nppApplication\nppApplication.csproj", "{7719ADEF-3549-49E8-9D19-C9CC844866E7}"
EndProject
Global
	GlobalSection(SolutionConfigurationPlatforms) = preSolution
		Debug|Any CPU = Debug|Any CPU
		Release|Any CPU = Release|Any CPU
	EndGlobalSection
	GlobalSection(ProjectConfigurationPlatforms) = postSolution
		{7719ADEF-3549-49E8-9D19-C9CC844866E7}.Debug|Any CPU.ActiveCfg = Debug|Any CPU
		{7719ADEF-3549-49E8-9D19-C9CC844866E7}.Debug|Any CPU.Build.0 = Debug|Any CPU
		{7719ADEF-3549-49E8-9D19-C9CC844866E7}.Release|Any CPU.ActiveCfg = Release|Any CPU
		{7719ADEF-3549-49E8-9D19-C9CC844866E7}.Release|Any CPU.Build.0 = Release|Any CPU
	EndGlobalSection
	GlobalSection(SolutionProperties) = preSolution
		HideSolutionNode = FALSE
	EndGlobalSection
	GlobalSection(ExtensibilityGlobals) = postSolution
		SolutionGuid = {0A63B8AE-0913-489C-9C69-16E57E093CB1}
	EndGlobalSection
EndGlobal
