
Microsoft Visual Studio Solution File, Format Version 12.00
# Visual Studio Version 17
VisualStudioVersion = 17.7.34221.43
MinimumVisualStudioVersion = 10.0.40219.1
Project("{9A19103F-16F7-4668-BE54-9A1E7A4F7556}") = "space_invader", "space_invader\space_invader.csproj", "{FBB521B4-8EAC-4370-8315-0C20B4DDE1C6}"
EndProject
Project("{FAE04EC0-301F-11D3-BF4B-00C04F79EFBC}") = "heritage", "heritage\heritage.csproj", "{DB8578F2-1279-4845-9B80-1B574BF0BF5E}"
EndProject
Project("{FAE04EC0-301F-11D3-BF4B-00C04F79EFBC}") = "Voiture", "Voiture\Voiture.csproj", "{32E695C8-0A8F-468C-9706-4A451B5CF556}"
EndProject
Global
	GlobalSection(SolutionConfigurationPlatforms) = preSolution
		Debug|Any CPU = Debug|Any CPU
		Release|Any CPU = Release|Any CPU
	EndGlobalSection
	GlobalSection(ProjectConfigurationPlatforms) = postSolution
		{FBB521B4-8EAC-4370-8315-0C20B4DDE1C6}.Debug|Any CPU.ActiveCfg = Debug|Any CPU
		{FBB521B4-8EAC-4370-8315-0C20B4DDE1C6}.Debug|Any CPU.Build.0 = Debug|Any CPU
		{FBB521B4-8EAC-4370-8315-0C20B4DDE1C6}.Release|Any CPU.ActiveCfg = Release|Any CPU
		{FBB521B4-8EAC-4370-8315-0C20B4DDE1C6}.Release|Any CPU.Build.0 = Release|Any CPU
		{DB8578F2-1279-4845-9B80-1B574BF0BF5E}.Debug|Any CPU.ActiveCfg = Debug|Any CPU
		{DB8578F2-1279-4845-9B80-1B574BF0BF5E}.Debug|Any CPU.Build.0 = Debug|Any CPU
		{DB8578F2-1279-4845-9B80-1B574BF0BF5E}.Release|Any CPU.ActiveCfg = Release|Any CPU
		{DB8578F2-1279-4845-9B80-1B574BF0BF5E}.Release|Any CPU.Build.0 = Release|Any CPU
		{32E695C8-0A8F-468C-9706-4A451B5CF556}.Debug|Any CPU.ActiveCfg = Debug|Any CPU
		{32E695C8-0A8F-468C-9706-4A451B5CF556}.Debug|Any CPU.Build.0 = Debug|Any CPU
		{32E695C8-0A8F-468C-9706-4A451B5CF556}.Release|Any CPU.ActiveCfg = Release|Any CPU
		{32E695C8-0A8F-468C-9706-4A451B5CF556}.Release|Any CPU.Build.0 = Release|Any CPU
	EndGlobalSection
	GlobalSection(SolutionProperties) = preSolution
		HideSolutionNode = FALSE
	EndGlobalSection
	GlobalSection(ExtensibilityGlobals) = postSolution
		SolutionGuid = {346B70BA-CA70-4328-9038-A9162BB64286}
	EndGlobalSection
EndGlobal
