
Microsoft Visual Studio Solution File, Format Version 12.00
# Visual Studio Version 17
VisualStudioVersion = 17.7.34221.43
MinimumVisualStudioVersion = 10.0.40219.1
Project("{FAE04EC0-301F-11D3-BF4B-00C04F79EFBC}") = "WpfApp1", "WpfApp1\WpfApp1.csproj", "{205A1D45-DF75-40DA-9D60-40EB4A90D7E5}"
EndProject
Project("{FAE04EC0-301F-11D3-BF4B-00C04F79EFBC}") = "Calculatrice", "Calculatrice\Calculatrice.csproj", "{2D817D91-9520-4698-B0D4-447395FB8861}"
EndProject
Project("{FAE04EC0-301F-11D3-BF4B-00C04F79EFBC}") = "exercice_3", "exercice_3\exercice_3.csproj", "{F32B5111-AB36-4FE6-B6ED-6BCF52EB5063}"
EndProject
Global
	GlobalSection(SolutionConfigurationPlatforms) = preSolution
		Debug|Any CPU = Debug|Any CPU
		Release|Any CPU = Release|Any CPU
	EndGlobalSection
	GlobalSection(ProjectConfigurationPlatforms) = postSolution
		{205A1D45-DF75-40DA-9D60-40EB4A90D7E5}.Debug|Any CPU.ActiveCfg = Debug|Any CPU
		{205A1D45-DF75-40DA-9D60-40EB4A90D7E5}.Debug|Any CPU.Build.0 = Debug|Any CPU
		{205A1D45-DF75-40DA-9D60-40EB4A90D7E5}.Release|Any CPU.ActiveCfg = Release|Any CPU
		{205A1D45-DF75-40DA-9D60-40EB4A90D7E5}.Release|Any CPU.Build.0 = Release|Any CPU
		{2D817D91-9520-4698-B0D4-447395FB8861}.Debug|Any CPU.ActiveCfg = Debug|Any CPU
		{2D817D91-9520-4698-B0D4-447395FB8861}.Debug|Any CPU.Build.0 = Debug|Any CPU
		{2D817D91-9520-4698-B0D4-447395FB8861}.Release|Any CPU.ActiveCfg = Release|Any CPU
		{2D817D91-9520-4698-B0D4-447395FB8861}.Release|Any CPU.Build.0 = Release|Any CPU
		{F32B5111-AB36-4FE6-B6ED-6BCF52EB5063}.Debug|Any CPU.ActiveCfg = Debug|Any CPU
		{F32B5111-AB36-4FE6-B6ED-6BCF52EB5063}.Debug|Any CPU.Build.0 = Debug|Any CPU
		{F32B5111-AB36-4FE6-B6ED-6BCF52EB5063}.Release|Any CPU.ActiveCfg = Release|Any CPU
		{F32B5111-AB36-4FE6-B6ED-6BCF52EB5063}.Release|Any CPU.Build.0 = Release|Any CPU
	EndGlobalSection
	GlobalSection(SolutionProperties) = preSolution
		HideSolutionNode = FALSE
	EndGlobalSection
	GlobalSection(ExtensibilityGlobals) = postSolution
		SolutionGuid = {10B5C33B-37A3-43E5-AB14-2090D439B3DA}
	EndGlobalSection
EndGlobal
